{
  "name": "brandturn-_-grow+ (4)",
  "lockfileVersion": 3,
  "requires": true,
  "packages": {
    "": {
      "dependencies": {
        "@fontsource/fraunces": "^5.2.9",
        "gsap": "^3.14.2",
        "ogl": "^1.0.11"
      }
    },
    "node_modules/@fontsource/fraunces": {
      "version": "5.2.9",
      "resolved": "https://registry.npmjs.org/@fontsource/fraunces/-/fraunces-5.2.9.tgz",
      "integrity": "sha512-XDzuddBtoC7BZgZdBn6b7hsFZY2+V1hgN7yca5fBTKuHjb/lOd45a0Ji8dTUgFhPoL7RdGupo+bC2BFSt6UH8Q==",
      "license": "OFL-1.1",
      "funding": {
        "url": "https://github.com/sponsors/ayuhito"
      }
    },
    "node_modules/gsap": {
      "version": "3.14.2",
      "resolved": "https://registry.npmjs.org/gsap/-/gsap-3.14.2.tgz",
      "integrity": "sha512-P8/mMxVLU7o4+55+1TCnQrPmgjPKnwkzkXOK1asnR9Jg2lna4tEY5qBJjMmAaOBDDZWtlRjBXjLa0w53G/uBLA==",
      "license": "Standard 'no charge' license: https://gsap.com/standard-license."
    },
    "node_modules/ogl": {
      "version": "1.0.11",
      "resolved": "https://registry.npmjs.org/ogl/-/ogl-1.0.11.tgz",
      "integrity": "sha512-kUpC154AFfxi16pmZUK4jk3J+8zxwTWGPo03EoYA8QPbzikHoaC82n6pNTbd+oEaJonaE8aPWBlX7ad9zrqLsA==",
      "license": "Unlicense"
    }
  }
}
